
Microsoft Visual Studio Solution File, Format Version 12.00
# Visual Studio Version 17
VisualStudioVersion = 17.14.36623.8 d17.14
MinimumVisualStudioVersion = 10.0.40219.1
Project("{8BC9CEB8-8B4A-11D0-8D11-00A0C91BC942}") = "ejercicio 11.1 09062026", "ejercicio 11.1 09062026.vcxproj", "{F131EA8B-F325-4FF0-BE67-18750B21E419}"
EndProject
Project("{FAE04EC0-301F-11D3-BF4B-00C04F79EFBC}") = "ejercicio 1", "..\ejercicio 1\ejercicio 1.csproj", "{E8C27CE9-46BB-4800-A3ED-3A592911BEE8}"
EndProject
Project("{FAE04EC0-301F-11D3-BF4B-00C04F79EFBC}") = "ejercicio 2", "..\ejercicio 2\ejercicio 2.csproj", "{AD80B754-6AA0-4995-9A97-F085F99CB9E1}"
EndProject
Project("{FAE04EC0-301F-11D3-BF4B-00C04F79EFBC}") = "ejercicio 3", "..\ejercicio 3\ejercicio 3.csproj", "{6356EB0F-5E3C-49E1-BF75-F5909E3A5872}"
EndProject
Global
	GlobalSection(SolutionConfigurationPlatforms) = preSolution
		Debug|Any CPU = Debug|Any CPU
		Debug|x64 = Debug|x64
		Debug|x86 = Debug|x86
		Release|Any CPU = Release|Any CPU
		Release|x64 = Release|x64
		Release|x86 = Release|x86
	EndGlobalSection
	GlobalSection(ProjectConfigurationPlatforms) = postSolution
		{F131EA8B-F325-4FF0-BE67-18750B21E419}.Debug|Any CPU.ActiveCfg = Debug|x64
		{F131EA8B-F325-4FF0-BE67-18750B21E419}.Debug|Any CPU.Build.0 = Debug|x64
		{F131EA8B-F325-4FF0-BE67-18750B21E419}.Debug|x64.ActiveCfg = Debug|x64
		{F131EA8B-F325-4FF0-BE67-18750B21E419}.Debug|x64.Build.0 = Debug|x64
		{F131EA8B-F325-4FF0-BE67-18750B21E419}.Debug|x86.ActiveCfg = Debug|Win32
		{F131EA8B-F325-4FF0-BE67-18750B21E419}.Debug|x86.Build.0 = Debug|Win32
		{F131EA8B-F325-4FF0-BE67-18750B21E419}.Release|Any CPU.ActiveCfg = Release|x64
		{F131EA8B-F325-4FF0-BE67-18750B21E419}.Release|Any CPU.Build.0 = Release|x64
		{F131EA8B-F325-4FF0-BE67-18750B21E419}.Release|x64.ActiveCfg = Release|x64
		{F131EA8B-F325-4FF0-BE67-18750B21E419}.Release|x64.Build.0 = Release|x64
		{F131EA8B-F325-4FF0-BE67-18750B21E419}.Release|x86.ActiveCfg = Release|Win32
		{F131EA8B-F325-4FF0-BE67-18750B21E419}.Release|x86.Build.0 = Release|Win32
		{E8C27CE9-46BB-4800-A3ED-3A592911BEE8}.Debug|Any CPU.ActiveCfg = Debug|Any CPU
		{E8C27CE9-46BB-4800-A3ED-3A592911BEE8}.Debug|Any CPU.Build.0 = Debug|Any CPU
		{E8C27CE9-46BB-4800-A3ED-3A592911BEE8}.Debug|x64.ActiveCfg = Debug|Any CPU
		{E8C27CE9-46BB-4800-A3ED-3A592911BEE8}.Debug|x64.Build.0 = Debug|Any CPU
		{E8C27CE9-46BB-4800-A3ED-3A592911BEE8}.Debug|x86.ActiveCfg = Debug|Any CPU
		{E8C27CE9-46BB-4800-A3ED-3A592911BEE8}.Debug|x86.Build.0 = Debug|Any CPU
		{E8C27CE9-46BB-4800-A3ED-3A592911BEE8}.Release|Any CPU.ActiveCfg = Release|Any CPU
		{E8C27CE9-46BB-4800-A3ED-3A592911BEE8}.Release|Any CPU.Build.0 = Release|Any CPU
		{E8C27CE9-46BB-4800-A3ED-3A592911BEE8}.Release|x64.ActiveCfg = Release|Any CPU
		{E8C27CE9-46BB-4800-A3ED-3A592911BEE8}.Release|x64.Build.0 = Release|Any CPU
		{E8C27CE9-46BB-4800-A3ED-3A592911BEE8}.Release|x86.ActiveCfg = Release|Any CPU
		{E8C27CE9-46BB-4800-A3ED-3A592911BEE8}.Release|x86.Build.0 = Release|Any CPU
		{AD80B754-6AA0-4995-9A97-F085F99CB9E1}.Debug|Any CPU.ActiveCfg = Debug|Any CPU
		{AD80B754-6AA0-4995-9A97-F085F99CB9E1}.Debug|Any CPU.Build.0 = Debug|Any CPU
		{AD80B754-6AA0-4995-9A97-F085F99CB9E1}.Debug|x64.ActiveCfg = Debug|Any CPU
		{AD80B754-6AA0-4995-9A97-F085F99CB9E1}.Debug|x64.Build.0 = Debug|Any CPU
		{AD80B754-6AA0-4995-9A97-F085F99CB9E1}.Debug|x86.ActiveCfg = Debug|Any CPU
		{AD80B754-6AA0-4995-9A97-F085F99CB9E1}.Debug|x86.Build.0 = Debug|Any CPU
		{AD80B754-6AA0-4995-9A97-F085F99CB9E1}.Release|Any CPU.ActiveCfg = Release|Any CPU
		{AD80B754-6AA0-4995-9A97-F085F99CB9E1}.Release|Any CPU.Build.0 = Release|Any CPU
		{AD80B754-6AA0-4995-9A97-F085F99CB9E1}.Release|x64.ActiveCfg = Release|Any CPU
		{AD80B754-6AA0-4995-9A97-F085F99CB9E1}.Release|x64.Build.0 = Release|Any CPU
		{AD80B754-6AA0-4995-9A97-F085F99CB9E1}.Release|x86.ActiveCfg = Release|Any CPU
		{AD80B754-6AA0-4995-9A97-F085F99CB9E1}.Release|x86.Build.0 = Release|Any CPU
		{6356EB0F-5E3C-49E1-BF75-F5909E3A5872}.Debug|Any CPU.ActiveCfg = Debug|Any CPU
		{6356EB0F-5E3C-49E1-BF75-F5909E3A5872}.Debug|Any CPU.Build.0 = Debug|Any CPU
		{6356EB0F-5E3C-49E1-BF75-F5909E3A5872}.Debug|x64.ActiveCfg = Debug|Any CPU
		{6356EB0F-5E3C-49E1-BF75-F5909E3A5872}.Debug|x64.Build.0 = Debug|Any CPU
		{6356EB0F-5E3C-49E1-BF75-F5909E3A5872}.Debug|x86.ActiveCfg = Debug|Any CPU
		{6356EB0F-5E3C-49E1-BF75-F5909E3A5872}.Debug|x86.Build.0 = Debug|Any CPU
		{6356EB0F-5E3C-49E1-BF75-F5909E3A5872}.Release|Any CPU.ActiveCfg = Release|Any CPU
		{6356EB0F-5E3C-49E1-BF75-F5909E3A5872}.Release|Any CPU.Build.0 = Release|Any CPU
		{6356EB0F-5E3C-49E1-BF75-F5909E3A5872}.Release|x64.ActiveCfg = Release|Any CPU
		{6356EB0F-5E3C-49E1-BF75-F5909E3A5872}.Release|x64.Build.0 = Release|Any CPU
		{6356EB0F-5E3C-49E1-BF75-F5909E3A5872}.Release|x86.ActiveCfg = Release|Any CPU
		{6356EB0F-5E3C-49E1-BF75-F5909E3A5872}.Release|x86.Build.0 = Release|Any CPU
	EndGlobalSection
	GlobalSection(SolutionProperties) = preSolution
		HideSolutionNode = FALSE
	EndGlobalSection
	GlobalSection(ExtensibilityGlobals) = postSolution
		SolutionGuid = {3D2A923F-3986-4616-A686-78C0EFDDF0FE}
	EndGlobalSection
EndGlobal
